
Microsoft Visual Studio Solution File, Format Version 12.00
# Visual Studio 14
VisualStudioVersion = 14.0.23107.0
MinimumVisualStudioVersion = 10.0.40219.1
Project("{2150E333-8FDC-42A3-9474-1A3956D46DE8}") = "src", "src", "{E385FCEA-394F-4489-816F-99A1B675BB7A}"
EndProject
Project("{2150E333-8FDC-42A3-9474-1A3956D46DE8}") = "Solution Items", "Solution Items", "{B312239D-3068-49BF-83DC-05C63FF0F93E}"
	ProjectSection(SolutionItems) = preProject
		global.json = global.json
	EndProjectSection
EndProject
Project("{8BB2217D-0F2D-49D1-97BC-3654ED321F3B}") = "OpenBookAPI", "src\OpenBookAPI\OpenBookAPI.xproj", "{046E0FBC-0316-4864-9EAA-2EF3C5C0AE8B}"
EndProject
Project("{8BB2217D-0F2D-49D1-97BC-3654ED321F3B}") = "OpenBookAPI.Logic", "src\OpenBookAPI.Logic\OpenBookAPI.Logic.xproj", "{96CA57C3-D406-4DF1-803F-AB63A4180BB1}"
EndProject
Project("{8BB2217D-0F2D-49D1-97BC-3654ED321F3B}") = "OpenBookAPI.Logic.Interfaces", "src\OpenBookAPI.Logic.Interfaces\OpenBookAPI.Logic.Interfaces.xproj", "{4B94B746-0D2D-43AF-A931-ABE07A662C40}"
EndProject
Project("{8BB2217D-0F2D-49D1-97BC-3654ED321F3B}") = "OpenBookAPI.Data.Interfaces", "src\OpenBookAPI.Data.Interfaces\OpenBookAPI.Data.Interfaces.xproj", "{15ABD96B-DFDB-4DE6-9ADF-86BCEC42AE88}"
EndProject
Project("{8BB2217D-0F2D-49D1-97BC-3654ED321F3B}") = "OpenBookAPI.Data.InMemory", "src\OpenBookAPI.Data.InMemory\OpenBookAPI.Data.InMemory.xproj", "{501E9F5E-99F0-476E-B742-83C7E7A1C784}"
EndProject
Project("{8BB2217D-0F2D-49D1-97BC-3654ED321F3B}") = "OpenBookAPI.Tests", "src\OpenBookAPI.Tests\OpenBookAPI.Tests.xproj", "{EC0B6716-DFDD-4239-9568-B918851EE0BD}"
EndProject
Project("{8BB2217D-0F2D-49D1-97BC-3654ED321F3B}") = "OpenBookAPI.Modules", "src\OpenBookAPI.Modules\OpenBookAPI.Modules.xproj", "{89005961-A43C-474C-98D7-1EB11B4E9988}"
EndProject
Project("{8BB2217D-0F2D-49D1-97BC-3654ED321F3B}") = "OpenBookAPI.Models", "src\OpenBookAPI.Models\OpenBookAPI.Models.xproj", "{60307127-B2B9-4BF1-B66E-D570A6D0EB45}"
EndProject
Project("{2150E333-8FDC-42A3-9474-1A3956D46DE8}") = "test", "test", "{7C56E344-15CB-4694-A084-F7CB2862B156}"
EndProject
Global
	GlobalSection(SolutionConfigurationPlatforms) = preSolution
		Debug|Any CPU = Debug|Any CPU
		Release|Any CPU = Release|Any CPU
	EndGlobalSection
	GlobalSection(ProjectConfigurationPlatforms) = postSolution
		{046E0FBC-0316-4864-9EAA-2EF3C5C0AE8B}.Debug|Any CPU.ActiveCfg = Debug|Any CPU
		{046E0FBC-0316-4864-9EAA-2EF3C5C0AE8B}.Debug|Any CPU.Build.0 = Debug|Any CPU
		{046E0FBC-0316-4864-9EAA-2EF3C5C0AE8B}.Release|Any CPU.ActiveCfg = Release|Any CPU
		{046E0FBC-0316-4864-9EAA-2EF3C5C0AE8B}.Release|Any CPU.Build.0 = Release|Any CPU
		{96CA57C3-D406-4DF1-803F-AB63A4180BB1}.Debug|Any CPU.ActiveCfg = Debug|Any CPU
		{96CA57C3-D406-4DF1-803F-AB63A4180BB1}.Debug|Any CPU.Build.0 = Debug|Any CPU
		{96CA57C3-D406-4DF1-803F-AB63A4180BB1}.Release|Any CPU.ActiveCfg = Release|Any CPU
		{96CA57C3-D406-4DF1-803F-AB63A4180BB1}.Release|Any CPU.Build.0 = Release|Any CPU
		{4B94B746-0D2D-43AF-A931-ABE07A662C40}.Debug|Any CPU.ActiveCfg = Debug|Any CPU
		{4B94B746-0D2D-43AF-A931-ABE07A662C40}.Debug|Any CPU.Build.0 = Debug|Any CPU
		{4B94B746-0D2D-43AF-A931-ABE07A662C40}.Release|Any CPU.ActiveCfg = Release|Any CPU
		{4B94B746-0D2D-43AF-A931-ABE07A662C40}.Release|Any CPU.Build.0 = Release|Any CPU
		{15ABD96B-DFDB-4DE6-9ADF-86BCEC42AE88}.Debug|Any CPU.ActiveCfg = Debug|Any CPU
		{15ABD96B-DFDB-4DE6-9ADF-86BCEC42AE88}.Debug|Any CPU.Build.0 = Debug|Any CPU
		{15ABD96B-DFDB-4DE6-9ADF-86BCEC42AE88}.Release|Any CPU.ActiveCfg = Release|Any CPU
		{15ABD96B-DFDB-4DE6-9ADF-86BCEC42AE88}.Release|Any CPU.Build.0 = Release|Any CPU
		{501E9F5E-99F0-476E-B742-83C7E7A1C784}.Debug|Any CPU.ActiveCfg = Debug|Any CPU
		{501E9F5E-99F0-476E-B742-83C7E7A1C784}.Debug|Any CPU.Build.0 = Debug|Any CPU
		{501E9F5E-99F0-476E-B742-83C7E7A1C784}.Release|Any CPU.ActiveCfg = Release|Any CPU
		{501E9F5E-99F0-476E-B742-83C7E7A1C784}.Release|Any CPU.Build.0 = Release|Any CPU
		{EC0B6716-DFDD-4239-9568-B918851EE0BD}.Debug|Any CPU.ActiveCfg = Debug|Any CPU
		{EC0B6716-DFDD-4239-9568-B918851EE0BD}.Debug|Any CPU.Build.0 = Debug|Any CPU
		{EC0B6716-DFDD-4239-9568-B918851EE0BD}.Release|Any CPU.ActiveCfg = Release|Any CPU
		{EC0B6716-DFDD-4239-9568-B918851EE0BD}.Release|Any CPU.Build.0 = Release|Any CPU
		{89005961-A43C-474C-98D7-1EB11B4E9988}.Debug|Any CPU.ActiveCfg = Debug|Any CPU
		{89005961-A43C-474C-98D7-1EB11B4E9988}.Debug|Any CPU.Build.0 = Debug|Any CPU
		{89005961-A43C-474C-98D7-1EB11B4E9988}.Release|Any CPU.ActiveCfg = Release|Any CPU
		{89005961-A43C-474C-98D7-1EB11B4E9988}.Release|Any CPU.Build.0 = Release|Any CPU
		{60307127-B2B9-4BF1-B66E-D570A6D0EB45}.Debug|Any CPU.ActiveCfg = Debug|Any CPU
		{60307127-B2B9-4BF1-B66E-D570A6D0EB45}.Debug|Any CPU.Build.0 = Debug|Any CPU
		{60307127-B2B9-4BF1-B66E-D570A6D0EB45}.Release|Any CPU.ActiveCfg = Release|Any CPU
		{60307127-B2B9-4BF1-B66E-D570A6D0EB45}.Release|Any CPU.Build.0 = Release|Any CPU
	EndGlobalSection
	GlobalSection(SolutionProperties) = preSolution
		HideSolutionNode = FALSE
	EndGlobalSection
	GlobalSection(NestedProjects) = preSolution
		{046E0FBC-0316-4864-9EAA-2EF3C5C0AE8B} = {E385FCEA-394F-4489-816F-99A1B675BB7A}
		{96CA57C3-D406-4DF1-803F-AB63A4180BB1} = {E385FCEA-394F-4489-816F-99A1B675BB7A}
		{4B94B746-0D2D-43AF-A931-ABE07A662C40} = {E385FCEA-394F-4489-816F-99A1B675BB7A}
		{15ABD96B-DFDB-4DE6-9ADF-86BCEC42AE88} = {E385FCEA-394F-4489-816F-99A1B675BB7A}
		{501E9F5E-99F0-476E-B742-83C7E7A1C784} = {E385FCEA-394F-4489-816F-99A1B675BB7A}
		{EC0B6716-DFDD-4239-9568-B918851EE0BD} = {7C56E344-15CB-4694-A084-F7CB2862B156}
		{89005961-A43C-474C-98D7-1EB11B4E9988} = {E385FCEA-394F-4489-816F-99A1B675BB7A}
		{60307127-B2B9-4BF1-B66E-D570A6D0EB45} = {E385FCEA-394F-4489-816F-99A1B675BB7A}
	EndGlobalSection
EndGlobal
